Microsoft Visual Studio Solution File, Format Version 12.00
# Visual Studio Version 17
VisualStudioVersion = 17.5.2.0
MinimumVisualStudioVersion = 10.0.40219.1
Project("{2150E333-8FDC-42A3-9474-1A3956D46DE8}") = "workspace", "workspace", "{5A457842-FB45-8F1D-F7AD-AB94A1461D60}"
EndProject
Project("{FAE04EC0-301F-11D3-BF4B-00C04F79EFBC}") = "ApiCatalogo", "workspace\ApiCatalogo\ApiCatalogo.csproj", "{8E7AA58E-5BC5-B6C1-EAF9-ADB76B974456}"
EndProject
Global
	GlobalSection(SolutionConfigurationPlatforms) = preSolution
		Debug|Any CPU = Debug|Any CPU
		Release|Any CPU = Release|Any CPU
	EndGlobalSection
	GlobalSection(ProjectConfigurationPlatforms) = postSolution
		{8E7AA58E-5BC5-B6C1-EAF9-ADB76B974456}.Debug|Any CPU.ActiveCfg = Debug|Any CPU
		{8E7AA58E-5BC5-B6C1-EAF9-ADB76B974456}.Debug|Any CPU.Build.0 = Debug|Any CPU
		{8E7AA58E-5BC5-B6C1-EAF9-ADB76B974456}.Release|Any CPU.ActiveCfg = Release|Any CPU
		{8E7AA58E-5BC5-B6C1-EAF9-ADB76B974456}.Release|Any CPU.Build.0 = Release|Any CPU
	EndGlobalSection
	GlobalSection(SolutionProperties) = preSolution
		HideSolutionNode = FALSE
	EndGlobalSection
	GlobalSection(NestedProjects) = preSolution
		{8E7AA58E-5BC5-B6C1-EAF9-ADB76B974456} = {5A457842-FB45-8F1D-F7AD-AB94A1461D60}
	EndGlobalSection
	GlobalSection(ExtensibilityGlobals) = postSolution
		SolutionGuid = {8D2AD466-5290-4EB9-BC42-C0C4BF30944D}
	EndGlobalSection
EndGlobal
